
Microsoft Visual Studio Solution File, Format Version 12.00
# Visual Studio Version 17
VisualStudioVersion = 17.13.35913.81
MinimumVisualStudioVersion = 10.0.40219.1
Project("{FAE04EC0-301F-11D3-BF4B-00C04F79EFBC}") = "Hear-Read-WDT_Project", "Hear-Read-WDT_Project.csproj", "{756D0EED-B0E5-4EED-ABB4-6D036E4F0BB3}"
EndProject
Project("{FAE04EC0-301F-11D3-BF4B-00C04F79EFBC}") = "narrator.cs", "..\narrator.cs\narrator.cs.csproj", "{9C29584C-9F9E-4693-8D70-1FE9E542CA74}"
EndProject
Global
	GlobalSection(SolutionConfigurationPlatforms) = preSolution
		Debug|Any CPU = Debug|Any CPU
		Release|Any CPU = Release|Any CPU
	EndGlobalSection
	GlobalSection(ProjectConfigurationPlatforms) = postSolution
		{756D0EED-B0E5-4EED-ABB4-6D036E4F0BB3}.Debug|Any CPU.ActiveCfg = Debug|Any CPU
		{756D0EED-B0E5-4EED-ABB4-6D036E4F0BB3}.Debug|Any CPU.Build.0 = Debug|Any CPU
		{756D0EED-B0E5-4EED-ABB4-6D036E4F0BB3}.Release|Any CPU.ActiveCfg = Release|Any CPU
		{756D0EED-B0E5-4EED-ABB4-6D036E4F0BB3}.Release|Any CPU.Build.0 = Release|Any CPU
		{9C29584C-9F9E-4693-8D70-1FE9E542CA74}.Debug|Any CPU.ActiveCfg = Debug|Any CPU
		{9C29584C-9F9E-4693-8D70-1FE9E542CA74}.Debug|Any CPU.Build.0 = Debug|Any CPU
		{9C29584C-9F9E-4693-8D70-1FE9E542CA74}.Release|Any CPU.ActiveCfg = Release|Any CPU
		{9C29584C-9F9E-4693-8D70-1FE9E542CA74}.Release|Any CPU.Build.0 = Release|Any CPU
	EndGlobalSection
	GlobalSection(SolutionProperties) = preSolution
		HideSolutionNode = FALSE
	EndGlobalSection
	GlobalSection(ExtensibilityGlobals) = postSolution
		SolutionGuid = {9EFBAA5C-A883-414F-848C-65E107C6D09F}
	EndGlobalSection
EndGlobal
